# @generated - this file is auto-generated by `mise lock` https://mise.jdx.dev/dev-tools/mise-lock.html

lockfile_version = 1

[[tools."cargo:cargo-edit"]]
version = "0.13.13"
backend = "cargo:cargo-edit"
specifiers = ["0.13.13"]

[tools."cargo:cargo-edit".options]
default-features = "false"
features = "upgrade"

[[tools."cargo:cross"]]
version = "0.2.5"
backend = "cargo:cross"
specifiers = ["0.2.5"]

[[tools."github:kjanat/actionlint"]]
version = "1.13.0"
backend = "github:kjanat/actionlint"
specifiers = ["1.13.0"]

[tools."github:kjanat/actionlint"."platforms.linux-arm64"]
checksum = "sha256:66fc4e30c73f7300e76fcc7fa31d06f83d69985eeabc0e6817e5b0eccfcaee25"
url = "https://github.com/kjanat/actionlint/releases/download/v1.13.0/actionlint_1.13.0_linux_arm64.tar.gz"
url_api = "https://api.github.com/repos/kjanat/actionlint/releases/assets/534417114"
provenance = "github-attestations"

[tools."github:kjanat/actionlint"."platforms.linux-arm64-musl"]
checksum = "sha256:66fc4e30c73f7300e76fcc7fa31d06f83d69985eeabc0e6817e5b0eccfcaee25"
url = "https://github.com/kjanat/actionlint/releases/download/v1.13.0/actionlint_1.13.0_linux_arm64.tar.gz"
url_api = "https://api.github.com/repos/kjanat/actionlint/releases/assets/534417114"
provenance = "github-attestations"

[tools."github:kjanat/actionlint"."platforms.linux-x64"]
checksum = "sha256:e4106b4c56be58223ce4b68f97a272ae49483ef306c38b5837cefd5616a2c791"
url = "https://github.com/kjanat/actionlint/releases/download/v1.13.0/actionlint_1.13.0_linux_amd64.tar.gz"
url_api = "https://api.github.com/repos/kjanat/actionlint/releases/assets/534417115"
provenance = "github-attestations"
provenance_verified = true

[tools."github:kjanat/actionlint"."platforms.linux-x64-musl"]
checksum = "sha256:e4106b4c56be58223ce4b68f97a272ae49483ef306c38b5837cefd5616a2c791"
url = "https://github.com/kjanat/actionlint/releases/download/v1.13.0/actionlint_1.13.0_linux_amd64.tar.gz"
url_api = "https://api.github.com/repos/kjanat/actionlint/releases/assets/534417115"
provenance = "github-attestations"

[tools."github:kjanat/actionlint"."platforms.macos-arm64"]
checksum = "sha256:5800c16968b636ec37f8f03e8c5d630fd1b5ab2fc7043987cb6dd6b03277c37d"
url = "https://github.com/kjanat/actionlint/releases/download/v1.13.0/actionlint_1.13.0_darwin_arm64.tar.gz"
url_api = "https://api.github.com/repos/kjanat/actionlint/releases/assets/534417117"
provenance = "github-attestations"

[tools."github:kjanat/actionlint"."platforms.macos-x64"]
checksum = "sha256:9ff536ffdccd35a878f568dab0daad0464b85d6bce9b82970104c2697ab3ea02"
url = "https://github.com/kjanat/actionlint/releases/download/v1.13.0/actionlint_1.13.0_darwin_amd64.tar.gz"
url_api = "https://api.github.com/repos/kjanat/actionlint/releases/assets/534417101"
provenance = "github-attestations"

[tools."github:kjanat/actionlint"."platforms.windows-x64"]
checksum = "sha256:3338dfe4e1ba5d9b1230f5efd2d7e08c3393de9537b575fb011739efd011aa17"
url = "https://github.com/kjanat/actionlint/releases/download/v1.13.0/actionlint_1.13.0_windows_amd64.zip"
url_api = "https://api.github.com/repos/kjanat/actionlint/releases/assets/534417128"
provenance = "github-attestations"

[[tools."github:oras-project/oras"]]
version = "1.3.4"
backend = "github:oras-project/oras"
specifiers = ["1.3.4"]

[tools."github:oras-project/oras"."platforms.linux-arm64"]
checksum = "sha256:15702c6e3a4a56a8bd8ac5c17efdbcab56d9bada661ccbcf017f5b10c1d89399"
url = "https://github.com/oras-project/oras/releases/download/v1.3.4/oras_1.3.4_linux_arm64.tar.gz"
url_api = "https://api.github.com/repos/oras-project/oras/releases/assets/532778558"

[tools."github:oras-project/oras"."platforms.linux-arm64-musl"]
checksum = "sha256:15702c6e3a4a56a8bd8ac5c17efdbcab56d9bada661ccbcf017f5b10c1d89399"
url = "https://github.com/oras-project/oras/releases/download/v1.3.4/oras_1.3.4_linux_arm64.tar.gz"
url_api = "https://api.github.com/repos/oras-project/oras/releases/assets/532778558"

[tools."github:oras-project/oras"."platforms.linux-x64"]
checksum = "sha256:f27adb935022d94df8dc77719c322dda592c78a0d57a6f7dcdd8d900b248c454"
url = "https://github.com/oras-project/oras/releases/download/v1.3.4/oras_1.3.4_linux_amd64.tar.gz"
url_api = "https://api.github.com/repos/oras-project/oras/releases/assets/532778544"

[tools."github:oras-project/oras"."platforms.linux-x64-musl"]
checksum = "sha256:f27adb935022d94df8dc77719c322dda592c78a0d57a6f7dcdd8d900b248c454"
url = "https://github.com/oras-project/oras/releases/download/v1.3.4/oras_1.3.4_linux_amd64.tar.gz"
url_api = "https://api.github.com/repos/oras-project/oras/releases/assets/532778544"

[tools."github:oras-project/oras"."platforms.macos-arm64"]
checksum = "sha256:217761a9500242ff473de8656b5aca21136ff39e17e9e61fd8936bbfd902704c"
url = "https://github.com/oras-project/oras/releases/download/v1.3.4/oras_1.3.4_darwin_arm64.tar.gz"
url_api = "https://api.github.com/repos/oras-project/oras/releases/assets/532778559"

[tools."github:oras-project/oras"."platforms.macos-x64"]
checksum = "sha256:5e964f3d5a36eb9499a9d3e252a86b09e7adf3e6f6447eec56fd249c6702af7e"
url = "https://github.com/oras-project/oras/releases/download/v1.3.4/oras_1.3.4_darwin_amd64.tar.gz"
url_api = "https://api.github.com/repos/oras-project/oras/releases/assets/532778545"

[tools."github:oras-project/oras"."platforms.windows-x64"]
checksum = "sha256:ffdb6aa40267686b5d507da1f21a57fc502a9a7c86b90c54557d335644c99dbd"
url = "https://github.com/oras-project/oras/releases/download/v1.3.4/oras_1.3.4_windows_amd64.zip"
url_api = "https://api.github.com/repos/oras-project/oras/releases/assets/532778547"

[[tools.jsonschema]]
version = "16.9.0"
backend = "aqua:sourcemeta/jsonschema"
specifiers = ["16.9.0"]

[tools.jsonschema."platforms.linux-arm64"]
checksum = "sha256:7cd58798e98918604b2d521784348af6c4826bb8b183c20b2fd5d5c9a8bb12e5"
url = "https://github.com/sourcemeta/jsonschema/releases/download/v16.9.0/jsonschema-16.9.0-linux-arm64.zip"
url_api = "https://api.github.com/repos/sourcemeta/jsonschema/releases/assets/540366786"

[tools.jsonschema."platforms.linux-arm64-musl"]
checksum = "sha256:4d111d42e92d8c6f16ca0fe5d723e5e405c3b5dba72dc38e8febef006a1fb345"
url = "https://github.com/sourcemeta/jsonschema/releases/download/v16.9.0/jsonschema-16.9.0-linux-arm64-musl.zip"
url_api = "https://api.github.com/repos/sourcemeta/jsonschema/releases/assets/540366787"

[tools.jsonschema."platforms.linux-x64"]
checksum = "sha256:e8ebe082e0bbc6d5e785c7633f9f09a297a1d195c8ba21f22db76be9aa955f57"
url = "https://github.com/sourcemeta/jsonschema/releases/download/v16.9.0/jsonschema-16.9.0-linux-x86_64.zip"
url_api = "https://api.github.com/repos/sourcemeta/jsonschema/releases/assets/540366796"

[tools.jsonschema."platforms.linux-x64-musl"]
checksum = "sha256:94760ac615832bedc3b616950791a493bde6e20ca23f5eadc55343a4970941e0"
url = "https://github.com/sourcemeta/jsonschema/releases/download/v16.9.0/jsonschema-16.9.0-linux-x86_64-musl.zip"
url_api = "https://api.github.com/repos/sourcemeta/jsonschema/releases/assets/540366783"

[tools.jsonschema."platforms.macos-arm64"]
checksum = "sha256:e8ef75e48dbabe9b193cea099f5151e21e9c738ffc494644e8fcd66fd5227bd4"
url = "https://github.com/sourcemeta/jsonschema/releases/download/v16.9.0/jsonschema-16.9.0-darwin-arm64.zip"
url_api = "https://api.github.com/repos/sourcemeta/jsonschema/releases/assets/540366784"

[tools.jsonschema."platforms.macos-x64"]
checksum = "sha256:1024f1a2ce7f81fe4d14419dae8c3c60d5309854c450845c632757435d95129f"
url = "https://github.com/sourcemeta/jsonschema/releases/download/v16.9.0/jsonschema-16.9.0-darwin-x86_64.zip"
url_api = "https://api.github.com/repos/sourcemeta/jsonschema/releases/assets/540366782"

[tools.jsonschema."platforms.windows-x64"]
checksum = "sha256:cd8a0c92c81212919ac89019ccac181dd9b2843979403b03f4cd25b2ff931988"
url = "https://github.com/sourcemeta/jsonschema/releases/download/v16.9.0/jsonschema-16.9.0-windows-x86_64.zip"
url_api = "https://api.github.com/repos/sourcemeta/jsonschema/releases/assets/540366800"

[[tools.node]]
version = "26.7.0"
backend = "core:node"
specifiers = ["26.7.0"]

[tools.node."platforms.linux-arm64"]
checksum = "sha256:925aa6157dd37542d0d7f2e28b7bf61e7b39284411210b0498bc3788db4aef68"
url = "https://nodejs.org/dist/v26.7.0/node-v26.7.0-linux-arm64.tar.gz"

[tools.node."platforms.linux-arm64-musl"]
checksum = "sha256:e650560ab1ecec0eb5845b43b87d6024c87b4e143c3e044cbb607cc135dbaadb"
url = "https://unofficial-builds.nodejs.org/download/release/v26.7.0/node-v26.7.0-linux-arm64-musl.tar.gz"

[tools.node."platforms.linux-x64"]
checksum = "sha256:bd6b6c31e377bad9ad579bed72e5bc11f4c879ac9452ad51d30e646ea3d828df"
url = "https://nodejs.org/dist/v26.7.0/node-v26.7.0-linux-x64.tar.gz"

[tools.node."platforms.linux-x64-musl"]
checksum = "sha256:84fc4e29e5f86022a40bac50a28a1b9275dd1f32eebbf4db499e2573ff822124"
url = "https://unofficial-builds.nodejs.org/download/release/v26.7.0/node-v26.7.0-linux-x64-musl.tar.gz"

[tools.node."platforms.macos-arm64"]
checksum = "sha256:7ee659a7768e641bbfd5360940660b8e8fd0052f77488f365562bac522fc15d4"
url = "https://nodejs.org/dist/v26.7.0/node-v26.7.0-darwin-arm64.tar.gz"

[tools.node."platforms.macos-x64"]
checksum = "sha256:f279d1ed28ce57f7788bf23435d2ad7fdd7438904ad5c4d8a1081a7cde3d4b96"
url = "https://nodejs.org/dist/v26.7.0/node-v26.7.0-darwin-x64.tar.gz"

[tools.node."platforms.windows-x64"]
checksum = "sha256:d3bd72755141ed32bbcd841228ee81897c8a98d50dfa7dae2179399a0a7c90f8"
url = "https://nodejs.org/dist/v26.7.0/node-v26.7.0-win-x64.zip"

[[tools."npm:actions-up"]]
version = "1.18.0"
backend = "npm:actions-up"
specifiers = ["1.18.0"]

[[tools.rust]]
version = "1.97.1"
backend = "core:rust"
specifiers = ["1.97.1"]

[tools.rust.options]
components = "clippy,rustfmt"
